# This file was autogenerated by Stack.
# You should not edit this file by hand.
# For more information, please see the documentation at:
#   https://docs.haskellstack.org/en/stable/topics/lock_files

packages:
- completed:
    hackage: resource-pool-0.3.1.0@sha256:dbaadfcc3c1be5391336e2016b28bb2d0c534f245ba9f5af5ed1d5125afc8c1a,1280
    pantry-tree:
      sha256: e2fc51ec2b5a126caab04688b40ec64fd6f7e3d9251e947a87c5ce3a6bc447bc
      size: 406
  original:
    hackage: resource-pool-0.3.1.0@sha256:dbaadfcc3c1be5391336e2016b28bb2d0c534f245ba9f5af5ed1d5125afc8c1a,1280
- completed:
    hackage: fuzzyfind-3.0.2@sha256:0fcd64eb1016fe0d0232abc26b2b80b32d676707ff41d155a28df8a9572603d4,1921
    pantry-tree:
      sha256: 5bb9d39dbc4a619cf9b65409dde0d58dd488c7abab030f71ac83ba849595ee05
      size: 542
  original:
    hackage: fuzzyfind-3.0.2@sha256:0fcd64eb1016fe0d0232abc26b2b80b32d676707ff41d155a28df8a9572603d4,1921
- completed:
    hackage: guid-0.1.0@sha256:a7c975be473f6f142d5cc1b39bc807a99043d20b1bb0873fdfe7a3ce84d2faf1,1078
    pantry-tree:
      sha256: a33838b7b1c54f6ac3e1b436b25674948713a4189658e4d82e639b9a689bc90d
      size: 364
  original:
    hackage: guid-0.1.0@sha256:a7c975be473f6f142d5cc1b39bc807a99043d20b1bb0873fdfe7a3ce84d2faf1,1078
- completed:
    hackage: lock-file-0.7.0.0@sha256:3ad84b5e454145e1d928063b56abb96db24a99a21b493989520e58fa0ab37b00,4484
    pantry-tree:
      sha256: 3634593ce191e82793ea0e060598ab3cf67f2ef2fe1d65345dc9335ad529d25f
      size: 718
  original:
    hackage: lock-file-0.7.0.0@sha256:3ad84b5e454145e1d928063b56abb96db24a99a21b493989520e58fa0ab37b00,4484
- completed:
    hackage: monad-validate-1.3.0.0@sha256:eb6ddd5c9cf72ff0563cba604fa00291376e96138fdb4932d00ff3a99d66706e,2605
    pantry-tree:
      sha256: 0b2a3a57be48fcc739708b214fca202f1e95b1cd773dd3bb9589d3007cf8cf5e
      size: 611
  original:
    hackage: monad-validate-1.3.0.0@sha256:eb6ddd5c9cf72ff0563cba604fa00291376e96138fdb4932d00ff3a99d66706e,2605
- completed:
    hackage: raven-haskell-0.1.4.1@sha256:0d27e37968327faba577558a2ee4465ebfd3b6929b09cf4881dfa62a6873c85a,1393
    pantry-tree:
      sha256: 1ecea1bcd6e0838239c27c924cbf8a3ffd4df439eca2bf310cabd043fd4644f8
      size: 632
  original:
    hackage: raven-haskell-0.1.4.1@sha256:0d27e37968327faba577558a2ee4465ebfd3b6929b09cf4881dfa62a6873c85a,1393
- completed:
    hackage: strings-1.1@sha256:0285dec4c8ab262359342b3e5ef1eb567074669461b9b38404f1cb870c881c5c,1617
    pantry-tree:
      sha256: 876e5a679244143e2a7e74357427c7522a8d61f68a4cc3ae265fe4960b75a2e2
      size: 212
  original:
    hackage: strings-1.1@sha256:0285dec4c8ab262359342b3e5ef1eb567074669461b9b38404f1cb870c881c5c,1617
- completed:
    hackage: network-udp-0.0.0@sha256:408d2d4fa1a25e49e95752ee124cca641993404bb133ae10fb81daef22d876ae,1075
    pantry-tree:
      sha256: ee19a66c9d420861c5cc1dfad3210e2a53cdc6088ff3dd90b44f7961f5caebee
      size: 284
  original:
    hackage: network-udp-0.0.0@sha256:408d2d4fa1a25e49e95752ee124cca641993404bb133ae10fb81daef22d876ae,1075
- completed:
    hackage: hs-opentelemetry-api-0.3.0.0@sha256:d864e4e1758bdeb8310d99e18084b77cff875a7b56589db55dfaf1dd17864dd3,4162
    pantry-tree:
      sha256: 6b4a51fda23eccb2ff6903e166328bb5c85012bd24cf24d10778ee964d80b542
      size: 4630
  original:
    hackage: hs-opentelemetry-api-0.3.0.0@sha256:d864e4e1758bdeb8310d99e18084b77cff875a7b56589db55dfaf1dd17864dd3,4162
- completed:
    hackage: hs-opentelemetry-instrumentation-wai-0.1.1.0@sha256:d97b4cb3870217e64e95da3f51db814eca62eb57484ee0a6f747366da5940bc2,1371
    pantry-tree:
      sha256: 23bbd4e58ba48b0ec3541a494d02e08e6b934d7173523be8aab04c6b2c7bb98b
      size: 360
  original:
    hackage: hs-opentelemetry-instrumentation-wai-0.1.1.0@sha256:d97b4cb3870217e64e95da3f51db814eca62eb57484ee0a6f747366da5940bc2,1371
- completed:
    hackage: hs-opentelemetry-exporter-otlp-0.1.0.1@sha256:8d03868dc7c0e5eab61b399ed3150cc24650d84000fd32554b2b4336f7879b53,1564
    pantry-tree:
      sha256: f5035b89bd0fe3f129f5e5581d236d41249f517d8527c62cf8ad7a40191f3c43
      size: 511
  original:
    hackage: hs-opentelemetry-exporter-otlp-0.1.0.1@sha256:8d03868dc7c0e5eab61b399ed3150cc24650d84000fd32554b2b4336f7879b53,1564
- completed:
    hackage: hs-opentelemetry-propagator-b3-0.0.1.3@sha256:effc04fcb6c8176cedf1bfa6c088f9d930bca42262589bab25a61238305b25a0,1340
    pantry-tree:
      sha256: c6da5ca675561d4760af338255ad117b7f8a40fc247f3c7b6f025159ba03a979
      size: 432
  original:
    hackage: hs-opentelemetry-propagator-b3-0.0.1.3@sha256:effc04fcb6c8176cedf1bfa6c088f9d930bca42262589bab25a61238305b25a0,1340
- completed:
    hackage: hs-opentelemetry-propagator-datadog-0.0.1.1@sha256:eea1d919c3dde97d6ae4c72b978719758ba1b58facb6b7efd32b81c3815d4bf8,2950
    pantry-tree:
      sha256: be13b66c86aaff0cfce5991ff268e2bcd4d81cfb9b3a6fd088c7586d851e144a
      size: 730
  original:
    hackage: hs-opentelemetry-propagator-datadog-0.0.1.1@sha256:eea1d919c3dde97d6ae4c72b978719758ba1b58facb6b7efd32b81c3815d4bf8,2950
- completed:
    hackage: hs-opentelemetry-propagator-w3c-0.1.0.0@sha256:2d8d324e61e15953d6fa405eee2f674746b5ea35a74ff9113388f0dca21e9f23,2012
    pantry-tree:
      sha256: b225fbceee920c7e2334b14a5a4e9a9db3292e73fcc480f58aa6b30bbd4383f4
      size: 775
  original:
    hackage: hs-opentelemetry-propagator-w3c-0.1.0.0@sha256:2d8d324e61e15953d6fa405eee2f674746b5ea35a74ff9113388f0dca21e9f23,2012
- completed:
    hackage: hs-opentelemetry-sdk-0.1.0.1@sha256:54c92cc73e4f52730f38b8c5e5dfc0f29faadc90fa1c5d60529770b882ab08f0,4059
    pantry-tree:
      sha256: fa287266bfcd1bc305e6e6b2c49eb1bdcde3bf4b739ae58508a0070590d5b085
      size: 1935
  original:
    hackage: hs-opentelemetry-sdk-0.1.0.1@sha256:54c92cc73e4f52730f38b8c5e5dfc0f29faadc90fa1c5d60529770b882ab08f0,4059
- completed:
    hackage: hs-opentelemetry-otlp-0.1.1.0@sha256:30b10c2f5bf8c008f0e64602ec1d8e480f66d906cbe7e150547ec3a14805fbb3,2991
    pantry-tree:
      sha256: e7bd8d521587aab0c26c4cd98168a7f9e61858b180fbc9cbb3484ce0b865a84e
      size: 3284
  original:
    hackage: hs-opentelemetry-otlp-0.1.1.0@sha256:30b10c2f5bf8c008f0e64602ec1d8e480f66d906cbe7e150547ec3a14805fbb3,2991
- completed:
    hackage: thread-utils-context-0.3.0.4@sha256:e763da1c6cab3b6d378fb670ca74aa9bf03c9b61b6fcf7628c56363fb0e3e71e,1671
    pantry-tree:
      sha256: 57d909a991b5e0b4c7a28121cb52ee9c2db6c09e0419b89af6c82fae52be88d4
      size: 397
  original:
    hackage: thread-utils-context-0.3.0.4@sha256:e763da1c6cab3b6d378fb670ca74aa9bf03c9b61b6fcf7628c56363fb0e3e71e,1671
- completed:
    hackage: thread-utils-finalizers-0.1.1.0@sha256:24944b71d9f1d01695a5908b4a3b44838fab870883114a323336d537995e0a5b,1381
    pantry-tree:
      sha256: 8c2c2e2e22c20bf3696ee6f30b50b3a9eeae187a22beb536441eefb0a3f9c549
      size: 400
  original:
    hackage: thread-utils-finalizers-0.1.1.0@sha256:24944b71d9f1d01695a5908b4a3b44838fab870883114a323336d537995e0a5b,1381
- completed:
    hackage: hasql-pool-1.2.0.2@sha256:621e3997d701b424a777fc6cd0218e385c89dff9417a933305d19b03820deb3f,2389
    pantry-tree:
      sha256: 8dd1ee8e3a41894266708e28076a902c8d51b275af22c3f182d6bfe219ea7fa7
      size: 982
  original:
    hackage: hasql-pool-1.2.0.2
- completed:
    hackage: hasql-interpolate-1.0.1.0@sha256:07980986467ed196e812a54c2762a42ceca56ca899cb4ef3cdb4f4191b07d338,3298
    pantry-tree:
      sha256: f7d9f29c576c4d36cb2f44d2f9a672e08e84d79060928aa9ed005e9e30c35202
      size: 1276
  original:
    hackage: hasql-interpolate-1.0.1.0
- completed:
    hackage: postgresql-binary-0.14@sha256:3f3518f841cf80b107862800715bc64f43c2c71696c4129f63404c1ff61cc919,4025
    pantry-tree:
      sha256: 29cfa313f2642c8b1d3ca15afbd2911ab842ae130e65d99fb5f18e8a24df8c88
      size: 1661
  original:
    hackage: postgresql-binary-0.14@sha256:3f3518f841cf80b107862800715bc64f43c2c71696c4129f63404c1ff61cc919,4025
- completed:
    hackage: postgresql-libpq-0.10.1.0@sha256:6a45edff0a9e30b32cda6e443107950492322622c4fbefc8fb4dcf6452dcf0b4,3203
    pantry-tree:
      sha256: 1c0120f2cd6d15bfdf64060ebde4b037f01381a8d04d188d753b43e1c978d164
      size: 1096
  original:
    hackage: postgresql-libpq-0.10.1.0@sha256:6a45edff0a9e30b32cda6e443107950492322622c4fbefc8fb4dcf6452dcf0b4,3203
- completed:
    hackage: x509-1.7.7@sha256:90eef2d745a654146fc1c325e035eaddac531e4d2145d4bc1dcf4b8fad439d34,2276
    pantry-tree:
      sha256: d81ffd09633c0417bcedbfc29f870cc843ec0750edd2f73c8fd60a5e5df278d2
      size: 1124
  original:
    hackage: x509-1.7.7@sha256:90eef2d745a654146fc1c325e035eaddac531e4d2145d4bc1dcf4b8fad439d34,2276
- completed:
    hackage: x509-store-1.6.9@sha256:1f1abeab5bacf1407b920d0f34f4c35a5ad450ff0d8121cd3dc76460f81e711d,1716
    pantry-tree:
      sha256: 9fc5a6a997af3569c79d5062534cc9836721b39df86bef56308f209164ab500d
      size: 398
  original:
    hackage: x509-store-1.6.9@sha256:1f1abeab5bacf1407b920d0f34f4c35a5ad450ff0d8121cd3dc76460f81e711d,1716
- completed:
    name: hs-mcp
    pantry-tree:
      sha256: 36c0d2cf95f95c734831ede52177393988bbba73fab91d03debecc5a0f1ad5a3
      size: 1338
    sha256: 4e4b0eb4ad152392db30fc5f45b422b46d7b1941b5c1893190af07faab2da1e3
    size: 19647
    url: https://github.com/ChrisPenner/hs-mcp/archive/d8564c70ca09e333b7ce1717d1ac97a62d62966c.tar.gz
    version: 0.1.1.0
  original:
    url: https://github.com/ChrisPenner/hs-mcp/archive/d8564c70ca09e333b7ce1717d1ac97a62d62966c.tar.gz
- completed:
    name: hasql
    pantry-tree:
      sha256: c995b0e6d072a3cd71017bb3da4bb5fcf2593a3025908705ceb788d281ed8d1a
      size: 4126
    sha256: f74c8f3df3a0e30d5f750d461da41284aa0e6dec410d49440422b2d9c1d8c22f
    size: 39911
    url: https://github.com/ChrisPenner/hasql/archive/bfdd3dd437d2dd7d3766faa6ebe059232081f90e.tar.gz
    version: 1.8.1.1
  original:
    url: https://github.com/ChrisPenner/hasql/archive/bfdd3dd437d2dd7d3766faa6ebe059232081f90e.tar.gz
snapshots:
- completed:
    sha256: 4b787f53036611a03edbf438dd5412daa03fb3da5d938ae8865ec471fe3f9632
    size: 726335
    url: https://raw.githubusercontent.com/commercialhaskell/stackage-snapshots/master/lts/24/21.yaml
  original: lts-24.21
