# This file was autogenerated by Stack.
# You should not edit this file by hand.
# For more information, please see the documentation at:
#   https://docs.haskellstack.org/en/stable/lock_files

packages:
- completed:
    hackage: hasql-1.8.1.1@sha256:fca990145dcb255a769248452b160edc5381b930f9739c1cb6ad9dd83a52e4cb,5674
    pantry-tree:
      sha256: ee285302e2c9ac4b148ec4f35b1ff01fb4604d1d02d362a54f646b5b74c491d3
      size: 3438
  original:
    hackage: hasql-1.8.1.1
- completed:
    hackage: hasql-pool-1.2.0.2@sha256:621e3997d701b424a777fc6cd0218e385c89dff9417a933305d19b03820deb3f,2389
    pantry-tree:
      sha256: 8dd1ee8e3a41894266708e28076a902c8d51b275af22c3f182d6bfe219ea7fa7
      size: 982
  original:
    hackage: hasql-pool-1.2.0.2
- completed:
    hackage: hasql-interpolate-1.0.1.0@sha256:a31848665e8f9d96c369f536a4cb00137dc288bcf02401f5b25977b165e58836,3331
    pantry-tree:
      sha256: 0b1a4ef29f2515ba3eb70f88b93baaf0652672d477602eaf024501e4c8f5633b
      size: 1276
  original:
    hackage: hasql-interpolate-1.0.1.0
- completed:
    hackage: postgresql-binary-0.14@sha256:3f3518f841cf80b107862800715bc64f43c2c71696c4129f63404c1ff61cc919,4025
    pantry-tree:
      sha256: 29cfa313f2642c8b1d3ca15afbd2911ab842ae130e65d99fb5f18e8a24df8c88
      size: 1661
  original:
    hackage: postgresql-binary-0.14@sha256:3f3518f841cf80b107862800715bc64f43c2c71696c4129f63404c1ff61cc919,4025
- completed:
    hackage: postgresql-libpq-0.10.1.0@sha256:6a45edff0a9e30b32cda6e443107950492322622c4fbefc8fb4dcf6452dcf0b4,3203
    pantry-tree:
      sha256: 1c0120f2cd6d15bfdf64060ebde4b037f01381a8d04d188d753b43e1c978d164
      size: 1096
  original:
    hackage: postgresql-libpq-0.10.1.0@sha256:6a45edff0a9e30b32cda6e443107950492322622c4fbefc8fb4dcf6452dcf0b4,3203
snapshots:
- completed:
    sha256: 8e7996960d864443a66eb4105338bbdd6830377b9f6f99cd5527ef73c10c01e7
    size: 719128
    url: https://raw.githubusercontent.com/commercialhaskell/stackage-snapshots/master/lts/22/26.yaml
  original: lts-22.26
