# This file was autogenerated by Stack.
# You should not edit this file by hand.
# For more information, please see the documentation at:
#   https://docs.haskellstack.org/en/stable/lock_files

packages:
- completed:
    hackage: resource-pool-0.3.1.0@sha256:dbaadfcc3c1be5391336e2016b28bb2d0c534f245ba9f5af5ed1d5125afc8c1a,1280
    pantry-tree:
      sha256: e2fc51ec2b5a126caab04688b40ec64fd6f7e3d9251e947a87c5ce3a6bc447bc
      size: 406
  original:
    hackage: resource-pool-0.3.1.0@sha256:dbaadfcc3c1be5391336e2016b28bb2d0c534f245ba9f5af5ed1d5125afc8c1a,1280
- completed:
    hackage: fuzzyfind-3.0.2@sha256:0fcd64eb1016fe0d0232abc26b2b80b32d676707ff41d155a28df8a9572603d4,1921
    pantry-tree:
      sha256: 5bb9d39dbc4a619cf9b65409dde0d58dd488c7abab030f71ac83ba849595ee05
      size: 542
  original:
    hackage: fuzzyfind-3.0.2@sha256:0fcd64eb1016fe0d0232abc26b2b80b32d676707ff41d155a28df8a9572603d4,1921
- completed:
    hackage: guid-0.1.0@sha256:a7c975be473f6f142d5cc1b39bc807a99043d20b1bb0873fdfe7a3ce84d2faf1,1078
    pantry-tree:
      sha256: a33838b7b1c54f6ac3e1b436b25674948713a4189658e4d82e639b9a689bc90d
      size: 364
  original:
    hackage: guid-0.1.0@sha256:a7c975be473f6f142d5cc1b39bc807a99043d20b1bb0873fdfe7a3ce84d2faf1,1078
- completed:
    hackage: lock-file-0.7.0.0@sha256:3ad84b5e454145e1d928063b56abb96db24a99a21b493989520e58fa0ab37b00,4484
    pantry-tree:
      sha256: 3634593ce191e82793ea0e060598ab3cf67f2ef2fe1d65345dc9335ad529d25f
      size: 718
  original:
    hackage: lock-file-0.7.0.0@sha256:3ad84b5e454145e1d928063b56abb96db24a99a21b493989520e58fa0ab37b00,4484
- completed:
    hackage: monad-validate-1.3.0.0@sha256:eb6ddd5c9cf72ff0563cba604fa00291376e96138fdb4932d00ff3a99d66706e,2605
    pantry-tree:
      sha256: 0b2a3a57be48fcc739708b214fca202f1e95b1cd773dd3bb9589d3007cf8cf5e
      size: 611
  original:
    hackage: monad-validate-1.3.0.0@sha256:eb6ddd5c9cf72ff0563cba604fa00291376e96138fdb4932d00ff3a99d66706e,2605
- completed:
    hackage: raven-haskell-0.1.4.1@sha256:0d27e37968327faba577558a2ee4465ebfd3b6929b09cf4881dfa62a6873c85a,1393
    pantry-tree:
      sha256: 1ecea1bcd6e0838239c27c924cbf8a3ffd4df439eca2bf310cabd043fd4644f8
      size: 632
  original:
    hackage: raven-haskell-0.1.4.1@sha256:0d27e37968327faba577558a2ee4465ebfd3b6929b09cf4881dfa62a6873c85a,1393
- completed:
    hackage: strings-1.1@sha256:0285dec4c8ab262359342b3e5ef1eb567074669461b9b38404f1cb870c881c5c,1617
    pantry-tree:
      sha256: 876e5a679244143e2a7e74357427c7522a8d61f68a4cc3ae265fe4960b75a2e2
      size: 212
  original:
    hackage: strings-1.1@sha256:0285dec4c8ab262359342b3e5ef1eb567074669461b9b38404f1cb870c881c5c,1617
- completed:
    hackage: network-udp-0.0.0@sha256:408d2d4fa1a25e49e95752ee124cca641993404bb133ae10fb81daef22d876ae,1075
    pantry-tree:
      sha256: ee19a66c9d420861c5cc1dfad3210e2a53cdc6088ff3dd90b44f7961f5caebee
      size: 284
  original:
    hackage: network-udp-0.0.0@sha256:408d2d4fa1a25e49e95752ee124cca641993404bb133ae10fb81daef22d876ae,1075
- completed:
    hackage: recover-rtti-0.5.0@sha256:7d598b0c89dac9e170b488a7a50b322fcae06342fbd2da18cb8a7f93a0b44e68,4913
    pantry-tree:
      sha256: 94ceb6ec0bf54a8f8baf6f9627ffb891de15836a0e505921a7a3b857e714125d
      size: 2489
  original:
    hackage: recover-rtti-0.5.0@sha256:7d598b0c89dac9e170b488a7a50b322fcae06342fbd2da18cb8a7f93a0b44e68,4913
- completed:
    hackage: hs-opentelemetry-sdk-0.1.0.0@sha256:2642851866f11a494c99f15202d4bd9e75d4a5e1a7f3f172742a0676a33c664f,4059
    pantry-tree:
      sha256: c0868a6eb3d6add84df1ad32cdb0ebdbebe41205897e16ae8b30e96f205a8fe0
      size: 1934
  original:
    hackage: hs-opentelemetry-sdk-0.1.0.0@sha256:2642851866f11a494c99f15202d4bd9e75d4a5e1a7f3f172742a0676a33c664f,4059
- completed:
    hackage: hs-opentelemetry-api-0.2.0.0@sha256:bbdbe7e212e99f17a7e68d09b94c1a6613e50ce88b3cb1b68979bbb0221291ae,4051
    pantry-tree:
      sha256: fcb11b19fa633afb8c34e002e6b8e8927d20fc2332d4234cc10a0b6e3dbe6022
      size: 4396
  original:
    hackage: hs-opentelemetry-api-0.2.0.0@sha256:bbdbe7e212e99f17a7e68d09b94c1a6613e50ce88b3cb1b68979bbb0221291ae,4051
- completed:
    hackage: hs-opentelemetry-exporter-otlp-0.1.0.0@sha256:4c908a7e2e5053879687b7a7ee6e40a8eb22868e1a0808cd0cfd6ac9905057b8,1526
    pantry-tree:
      sha256: dd22c915f65b1ca76c6130cfb39ce666376d4813c267e12dd59be61a914bb264
      size: 511
  original:
    hackage: hs-opentelemetry-exporter-otlp-0.1.0.0@sha256:4c908a7e2e5053879687b7a7ee6e40a8eb22868e1a0808cd0cfd6ac9905057b8,1526
- completed:
    hackage: hs-opentelemetry-propagator-b3-0.0.1.2@sha256:8815dd74f27a908b5be0729cc09a3bf9f3049481c982252bbd6c3f6b908ecfcd,1340
    pantry-tree:
      sha256: fc71f8b7dc25625af6b81c1b3c1c5d808b682e2a7c1daf8e23f2af45ab9dc123
      size: 431
  original:
    hackage: hs-opentelemetry-propagator-b3-0.0.1.2@sha256:8815dd74f27a908b5be0729cc09a3bf9f3049481c982252bbd6c3f6b908ecfcd,1340
- completed:
    hackage: hs-opentelemetry-propagator-datadog-0.0.1.0@sha256:c85de95e3c33b3ffcf980f560166e960cab0888e0741315f487288b3653c007c,2950
    pantry-tree:
      sha256: 04c10d8901e506c8c7662c8ce549a152118303fd2d0354a887bede4e73f0a8ee
      size: 730
  original:
    hackage: hs-opentelemetry-propagator-datadog-0.0.1.0@sha256:c85de95e3c33b3ffcf980f560166e960cab0888e0741315f487288b3653c007c,2950
- completed:
    hackage: hs-opentelemetry-propagator-w3c-0.0.1.4@sha256:251428754454fbaf71d9b6acbbea473014b1ab50bdcda8bc8fe1532e63193374,1382
    pantry-tree:
      sha256: 5f7ff3fd37b7f720064193f02c84e8af6b554f8a7a2b7702a4bcd34fe576f721
      size: 445
  original:
    hackage: hs-opentelemetry-propagator-w3c-0.0.1.4@sha256:251428754454fbaf71d9b6acbbea473014b1ab50bdcda8bc8fe1532e63193374,1382
- completed:
    hackage: hs-opentelemetry-otlp-0.1.0.0@sha256:5cd096b15f26f51ffae4c18f6a26794daef801acc9e13033db8b21a7606336d4,2533
    pantry-tree:
      sha256: 618a513764a7ae9995fc4f8b8ee5cec731a8759ac8c5df8e9553171abd3ff97d
      size: 2585
  original:
    hackage: hs-opentelemetry-otlp-0.1.0.0@sha256:5cd096b15f26f51ffae4c18f6a26794daef801acc9e13033db8b21a7606336d4,2533
- completed:
    hackage: hs-opentelemetry-instrumentation-wai-0.1.1.0@sha256:d97b4cb3870217e64e95da3f51db814eca62eb57484ee0a6f747366da5940bc2,1371
    pantry-tree:
      sha256: 23bbd4e58ba48b0ec3541a494d02e08e6b934d7173523be8aab04c6b2c7bb98b
      size: 360
  original:
    hackage: hs-opentelemetry-instrumentation-wai-0.1.1.0@sha256:d97b4cb3870217e64e95da3f51db814eca62eb57484ee0a6f747366da5940bc2,1371
- completed:
    hackage: thread-utils-context-0.3.0.4@sha256:e763da1c6cab3b6d378fb670ca74aa9bf03c9b61b6fcf7628c56363fb0e3e71e,1671
    pantry-tree:
      sha256: 57d909a991b5e0b4c7a28121cb52ee9c2db6c09e0419b89af6c82fae52be88d4
      size: 397
  original:
    hackage: thread-utils-context-0.3.0.4@sha256:e763da1c6cab3b6d378fb670ca74aa9bf03c9b61b6fcf7628c56363fb0e3e71e,1671
- completed:
    hackage: thread-utils-finalizers-0.1.1.0@sha256:24944b71d9f1d01695a5908b4a3b44838fab870883114a323336d537995e0a5b,1381
    pantry-tree:
      sha256: 8c2c2e2e22c20bf3696ee6f30b50b3a9eeae187a22beb536441eefb0a3f9c549
      size: 400
  original:
    hackage: thread-utils-finalizers-0.1.1.0@sha256:24944b71d9f1d01695a5908b4a3b44838fab870883114a323336d537995e0a5b,1381
- completed:
    hackage: hasql-1.8.1.1@sha256:fca990145dcb255a769248452b160edc5381b930f9739c1cb6ad9dd83a52e4cb,5674
    pantry-tree:
      sha256: ee285302e2c9ac4b148ec4f35b1ff01fb4604d1d02d362a54f646b5b74c491d3
      size: 3438
  original:
    hackage: hasql-1.8.1.1
- completed:
    hackage: hasql-pool-1.2.0.2@sha256:621e3997d701b424a777fc6cd0218e385c89dff9417a933305d19b03820deb3f,2389
    pantry-tree:
      sha256: 8dd1ee8e3a41894266708e28076a902c8d51b275af22c3f182d6bfe219ea7fa7
      size: 982
  original:
    hackage: hasql-pool-1.2.0.2
- completed:
    hackage: hasql-interpolate-1.0.1.0@sha256:07980986467ed196e812a54c2762a42ceca56ca899cb4ef3cdb4f4191b07d338,3298
    pantry-tree:
      sha256: f7d9f29c576c4d36cb2f44d2f9a672e08e84d79060928aa9ed005e9e30c35202
      size: 1276
  original:
    hackage: hasql-interpolate-1.0.1.0
- completed:
    hackage: postgresql-binary-0.14@sha256:3f3518f841cf80b107862800715bc64f43c2c71696c4129f63404c1ff61cc919,4025
    pantry-tree:
      sha256: 29cfa313f2642c8b1d3ca15afbd2911ab842ae130e65d99fb5f18e8a24df8c88
      size: 1661
  original:
    hackage: postgresql-binary-0.14@sha256:3f3518f841cf80b107862800715bc64f43c2c71696c4129f63404c1ff61cc919,4025
- completed:
    hackage: postgresql-libpq-0.10.1.0@sha256:6a45edff0a9e30b32cda6e443107950492322622c4fbefc8fb4dcf6452dcf0b4,3203
    pantry-tree:
      sha256: 1c0120f2cd6d15bfdf64060ebde4b037f01381a8d04d188d753b43e1c978d164
      size: 1096
  original:
    hackage: postgresql-libpq-0.10.1.0@sha256:6a45edff0a9e30b32cda6e443107950492322622c4fbefc8fb4dcf6452dcf0b4,3203
snapshots:
- completed:
    sha256: 8e7996960d864443a66eb4105338bbdd6830377b9f6f99cd5527ef73c10c01e7
    size: 719128
    url: https://raw.githubusercontent.com/commercialhaskell/stackage-snapshots/master/lts/22/26.yaml
  original: lts-22.26
